// !$*UTF8*$!
{
	archiveVersion = 1;
	classes = {
	};
	objectVersion = 46;
	objects = {

/* Begin PBXBuildFile section */
		D0FA77311B8517740088ED64 /* AppDelegate.swift in Sources */ = {isa = PBXBuildFile; fileRef = D0FA77301B8517740088ED64 /* AppDelegate.swift */; };
		D0FA77331B8517740088ED64 /* ViewController.swift in Sources */ = {isa = PBXBuildFile; fileRef = D0FA77321B8517740088ED64 /* ViewController.swift */; };
		D0FA77361B8517740088ED64 /* Main.storyboard in Resources */ = {isa = PBXBuildFile; fileRef = D0FA77341B8517740088ED64 /* Main.storyboard */; };
		D0FA77381B8517740088ED64 /* Images.xcassets in Resources */ = {isa = PBXBuildFile; fileRef = D0FA77371B8517740088ED64 /* Images.xcassets */; };
		D0FA773B1B8517740088ED64 /* LaunchScreen.xib in Resources */ = {isa = PBXBuildFile; fileRef = D0FA77391B8517740088ED64 /* LaunchScreen.xib */; };
		D0FA77471B8517740088ED64 /* SouthAppTests.swift in Sources */ = {isa = PBXBuildFile; fileRef = D0FA77461B8517740088ED64 /* SouthAppTests.swift */; };
		D0FA77541B8532600088ED64 /* PickUsernameViewController.swift in Sources */ = {isa = PBXBuildFile; fileRef = D0FA77531B8532600088ED64 /* PickUsernameViewController.swift */; };
		D0FA77581B8537470088ED64 /* UploadPictureViewController.swift in Sources */ = {isa = PBXBuildFile; fileRef = D0FA77571B8537470088ED64 /* UploadPictureViewController.swift */; };
/* End PBXBuildFile section */

/* Begin PBXContainerItemProxy section */
		D0FA77411B8517740088ED64 /* PBXContainerItemProxy */ = {
			isa = PBXContainerItemProxy;
			containerPortal = D0FA77231B8517740088ED64 /* Project object */;
			proxyType = 1;
			remoteGlobalIDString = D0FA772A1B8517740088ED64;
			remoteInfo = SouthApp;
		};
/* End PBXContainerItemProxy section */

/* Begin PBXFileReference section */
		D0FA772B1B8517740088ED64 /* SouthApp.app */ = {isa = PBXFileReference; explicitFileType = wrapper.application; includeInIndex = 0; path = SouthApp.app; sourceTree = BUILT_PRODUCTS_DIR; };
		D0FA772F1B8517740088ED64 /* Info.plist */ = {isa = PBXFileReference; lastKnownFileType = text.plist.xml; path = Info.plist; sourceTree = "<group>"; };
		D0FA77301B8517740088ED64 /* AppDelegate.swift */ = {isa = PBXFileReference; lastKnownFileType = sourcecode.swift; path = AppDelegate.swift; sourceTree = "<group>"; };
		D0FA77321B8517740088ED64 /* ViewController.swift */ = {isa = PBXFileReference; lastKnownFileType = sourcecode.swift; path = ViewController.swift; sourceTree = "<group>"; };
		D0FA77351B8517740088ED64 /* Base */ = {isa = PBXFileReference; lastKnownFileType = file.storyboard; name = Base; path = Base.lproj/Main.storyboard; sourceTree = "<group>"; };
		D0FA77371B8517740088ED64 /* Images.xcassets */ = {isa = PBXFileReference; lastKnownFileType = folder.assetcatalog; path = Images.xcassets; sourceTree = "<group>"; };
		D0FA773A1B8517740088ED64 /* Base */ = {isa = PBXFileReference; lastKnownFileType = file.xib; name = Base; path = Base.lproj/LaunchScreen.xib; sourceTree = "<group>"; };
		D0FA77401B8517740088ED64 /* SouthAppTests.xctest */ = {isa = PBXFileReference; explicitFileType = wrapper.cfbundle; includeInIndex = 0; path = SouthAppTests.xctest; sourceTree = BUILT_PRODUCTS_DIR; };
		D0FA77451B8517740088ED64 /* Info.plist */ = {isa = PBXFileReference; lastKnownFileType = text.plist.xml; path = Info.plist; sourceTree = "<group>"; };
		D0FA77461B8517740088ED64 /* SouthAppTests.swift */ = {isa = PBXFileReference; lastKnownFileType = sourcecode.swift; path = SouthAppTests.swift; sourceTree = "<group>"; };
		D0FA77511B851C3D0088ED64 /* Ubuntu-L.ttf */ = {isa = PBXFileReference; lastKnownFileType = file; path = "Ubuntu-L.ttf"; sourceTree = "<group>"; };
		D0FA77521B852E780088ED64 /* Ubuntu-B.ttf */ = {isa = PBXFileReference; lastKnownFileType = file; path = "Ubuntu-B.ttf"; sourceTree = "<group>"; };
		D0FA77531B8532600088ED64 /* PickUsernameViewController.swift */ = {isa = PBXFileReference; fileEncoding = 4; lastKnownFileType = sourcecode.swift; path = PickUsernameViewController.swift; sourceTree = "<group>"; };
		D0FA77571B8537470088ED64 /* UploadPictureViewController.swift */ = {isa = PBXFileReference; fileEncoding = 4; lastKnownFileType = sourcecode.swift; path = UploadPictureViewController.swift; sourceTree = "<group>"; };
/* End PBXFileReference section */

/* Begin PBXFrameworksBuildPhase section */
		D0FA77281B8517740088ED64 /* Frameworks */ = {
			isa = PBXFrameworksBuildPhase;
			buildActionMask = 2147483647;
			files = (
			);
			runOnlyForDeploymentPostprocessing = 0;
		};
		D0FA773D1B8517740088ED64 /* Frameworks */ = {
			isa = PBXFrameworksBuildPhase;
			buildActionMask = 2147483647;
			files = (
			);
			runOnlyForDeploymentPostprocessing = 0;
		};
/* End PBXFrameworksBuildPhase section */

/* Begin PBXGroup section */
		D0FA77221B8517740088ED64 = {
			isa = PBXGroup;
			children = (
				D0FA772D1B8517740088ED64 /* SouthApp */,
				D0FA77431B8517740088ED64 /* SouthAppTests */,
				D0FA772C1B8517740088ED64 /* Products */,
			);
			sourceTree = "<group>";
		};
		D0FA772C1B8517740088ED64 /* Products */ = {
			isa = PBXGroup;
			children = (
				D0FA772B1B8517740088ED64 /* SouthApp.app */,
				D0FA77401B8517740088ED64 /* SouthAppTests.xctest */,
			);
			name = Products;
			sourceTree = "<group>";
		};
		D0FA772D1B8517740088ED64 /* SouthApp */ = {
			isa = PBXGroup;
			children = (
				D0FA77301B8517740088ED64 /* AppDelegate.swift */,
				D0FA77321B8517740088ED64 /* ViewController.swift */,
				D0FA77531B8532600088ED64 /* PickUsernameViewController.swift */,
				D0FA77571B8537470088ED64 /* UploadPictureViewController.swift */,
				D0FA77341B8517740088ED64 /* Main.storyboard */,
				D0FA77371B8517740088ED64 /* Images.xcassets */,
				D0FA77391B8517740088ED64 /* LaunchScreen.xib */,
				D0FA77501B851C300088ED64 /* Resources */,
				D0FA772E1B8517740088ED64 /* Supporting Files */,
			);
			path = SouthApp;
			sourceTree = "<group>";
		};
		D0FA772E1B8517740088ED64 /* Supporting Files */ = {
			isa = PBXGroup;
			children = (
				D0FA772F1B8517740088ED64 /* Info.plist */,
			);
			name = "Supporting Files";
			sourceTree = "<group>";
		};
		D0FA77431B8517740088ED64 /* SouthAppTests */ = {
			isa = PBXGroup;
			children = (
				D0FA77461B8517740088ED64 /* SouthAppTests.swift */,
				D0FA77441B8517740088ED64 /* Supporting Files */,
			);
			path = SouthAppTests;
			sourceTree = "<group>";
		};
		D0FA77441B8517740088ED64 /* Supporting Files */ = {
			isa = PBXGroup;
			children = (
				D0FA77451B8517740088ED64 /* Info.plist */,
			);
			name = "Supporting Files";
			sourceTree = "<group>";
		};
		D0FA77501B851C300088ED64 /* Resources */ = {
			isa = PBXGroup;
			children = (
				D0FA77511B851C3D0088ED64 /* Ubuntu-L.ttf */,
				D0FA77521B852E780088ED64 /* Ubuntu-B.ttf */,
			);
			name = Resources;
			sourceTree = "<group>";
		};
/* End PBXGroup section */

/* Begin PBXNativeTarget section */
		D0FA772A1B8517740088ED64 /* SouthApp */ = {
			isa = PBXNativeTarget;
			buildConfigurationList = D0FA774A1B8517740088ED64 /* Build configuration list for PBXNativeTarget "SouthApp" */;
			buildPhases = (
				D0FA77271B8517740088ED64 /* Sources */,
				D0FA77281B8517740088ED64 /* Frameworks */,
				D0FA77291B8517740088ED64 /* Resources */,
			);
			buildRules = (
			);
			dependencies = (
			);
			name = SouthApp;
			productName = SouthApp;
			productReference = D0FA772B1B8517740088ED64 /* SouthApp.app */;
			productType = "com.apple.product-type.application";
		};
		D0FA773F1B8517740088ED64 /* SouthAppTests */ = {
			isa = PBXNativeTarget;
			buildConfigurationList = D0FA774D1B8517740088ED64 /* Build configuration list for PBXNativeTarget "SouthAppTests" */;
			buildPhases = (
				D0FA773C1B8517740088ED64 /* Sources */,
				D0FA773D1B8517740088ED64 /* Frameworks */,
				D0FA773E1B8517740088ED64 /* Resources */,
			);
			buildRules = (
			);
			dependencies = (
				D0FA77421B8517740088ED64 /* PBXTargetDependency */,
			);
			name = SouthAppTests;
			productName = SouthAppTests;
			productReference = D0FA77401B8517740088ED64 /* SouthAppTests.xctest */;
			productType = "com.apple.product-type.bundle.unit-test";
		};
/* End PBXNativeTarget section */

/* Begin PBXProject section */
		D0FA77231B8517740088ED64 /* Project object */ = {
			isa = PBXProject;
			attributes = {
				LastUpgradeCheck = 0640;
				ORGANIZATIONNAME = "Justin Matsnev";
				TargetAttributes = {
					D0FA772A1B8517740088ED64 = {
						CreatedOnToolsVersion = 6.4;
					};
					D0FA773F1B8517740088ED64 = {
						CreatedOnToolsVersion = 6.4;
						TestTargetID = D0FA772A1B8517740088ED64;
					};
				};
			};
			buildConfigurationList = D0FA77261B8517740088ED64 /* Build configuration list for PBXProject "SouthApp" */;
			compatibilityVersion = "Xcode 3.2";
			developmentRegion = English;
			hasScannedForEncodings = 0;
			knownRegions = (
				en,
				Base,
			);
			mainGroup = D0FA77221B8517740088ED64;
			productRefGroup = D0FA772C1B8517740088ED64 /* Products */;
			projectDirPath = "";
			projectRoot = "";
			targets = (
				D0FA772A1B8517740088ED64 /* SouthApp */,
				D0FA773F1B8517740088ED64 /* SouthAppTests */,
			);
		};
/* End PBXProject section */

/* Begin PBXResourcesBuildPhase section */
		D0FA77291B8517740088ED64 /* Resources */ = {
			isa = PBXResourcesBuildPhase;
			buildActionMask = 2147483647;
			files = (
				D0FA77361B8517740088ED64 /* Main.storyboard in Resources */,
				D0FA773B1B8517740088ED64 /* LaunchScreen.xib in Resources */,
				D0FA77381B8517740088ED64 /* Images.xcassets in Resources */,
			);
			runOnlyForDeploymentPostprocessing = 0;
		};
		D0FA773E1B8517740088ED64 /* Resources */ = {
			isa = PBXResourcesBuildPhase;
			buildActionMask = 2147483647;
			files = (
			);
			runOnlyForDeploymentPostprocessing = 0;
		};
/* End PBXResourcesBuildPhase section */

/* Begin PBXSourcesBuildPhase section */
		D0FA77271B8517740088ED64 /* Sources */ = {
			isa = PBXSourcesBuildPhase;
			buildActionMask = 2147483647;
			files = (
				D0FA77581B8537470088ED64 /* UploadPictureViewController.swift in Sources */,
				D0FA77331B8517740088ED64 /* ViewController.swift in Sources */,
				D0FA77541B8532600088ED64 /* PickUsernameViewController.swift in Sources */,
				D0FA77311B8517740088ED64 /* AppDelegate.swift in Sources */,
			);
			runOnlyForDeploymentPostprocessing = 0;
		};
		D0FA773C1B8517740088ED64 /* Sources */ = {
			isa = PBXSourcesBuildPhase;
			buildActionMask = 2147483647;
			files = (
				D0FA77471B8517740088ED64 /* SouthAppTests.swift in Sources */,
			);
			runOnlyForDeploymentPostprocessing = 0;
		};
/* End PBXSourcesBuildPhase section */

/* Begin PBXTargetDependency section */
		D0FA77421B8517740088ED64 /* PBXTargetDependency */ = {
			isa = PBXTargetDependency;
			target = D0FA772A1B8517740088ED64 /* SouthApp */;
			targetProxy = D0FA77411B8517740088ED64 /* PBXContainerItemProxy */;
		};
/* End PBXTargetDependency section */

/* Begin PBXVariantGroup section */
		D0FA77341B8517740088ED64 /* Main.storyboard */ = {
			isa = PBXVariantGroup;
			children = (
				D0FA77351B8517740088ED64 /* Base */,
			);
			name = Main.storyboard;
			sourceTree = "<group>";
		};
		D0FA77391B8517740088ED64 /* LaunchScreen.xib */ = {
			isa = PBXVariantGroup;
			children = (
				D0FA773A1B8517740088ED64 /* Base */,
			);
			name = LaunchScreen.xib;
			sourceTree = "<group>";
		};
/* End PBXVariantGroup section */

/* Begin XCBuildConfiguration section */
		D0FA77481B8517740088ED64 /* Debug */ = {
			isa = XCBuildConfiguration;
			buildSettings = {
				ALWAYS_SEARCH_USER_PATHS = NO;
				CLANG_CXX_LANGUAGE_STANDARD = "gnu++0x";
				CLANG_CXX_LIBRARY = "libc++";
				CLANG_ENABLE_MODULES = YES;
				CLANG_ENABLE_OBJC_ARC = YES;
				CLANG_WARN_BOOL_CONVERSION = YES;
				CLANG_WARN_CONSTANT_CONVERSION = YES;
				CLANG_WARN_DIRECT_OBJC_ISA_USAGE = YES_ERROR;
				CLANG_WARN_EMPTY_BODY = YES;
				CLANG_WARN_ENUM_CONVERSION = YES;
				CLANG_WARN_INT_CONVERSION = YES;
				CLANG_WARN_OBJC_ROOT_CLASS = YES_ERROR;
				CLANG_WARN_UNREACHABLE_CODE = YES;
				CLANG_WARN__DUPLICATE_METHOD_MATCH = YES;
				"CODE_SIGN_IDENTITY[sdk=iphoneos*]" = "iPhone Developer";
				COPY_PHASE_STRIP = NO;
				DEBUG_INFORMATION_FORMAT = "dwarf-with-dsym";
				ENABLE_STRICT_OBJC_MSGSEND = YES;
				GCC_C_LANGUAGE_STANDARD = gnu99;
				GCC_DYNAMIC_NO_PIC = NO;
				GCC_NO_COMMON_BLOCKS = YES;
				GCC_OPTIMIZATION_LEVEL = 0;
				GCC_PREPROCESSOR_DEFINITIONS = (
					"DEBUG=1",
					"$(inherited)",
				);
				GCC_SYMBOLS_PRIVATE_EXTERN = NO;
				GCC_WARN_64_TO_32_BIT_CONVERSION = YES;
				GCC_WARN_ABOUT_RETURN_TYPE = YES_ERROR;
				GCC_WARN_UNDECLARED_SELECTOR = YES;
				GCC_WARN_UNINITIALIZED_AUTOS = YES_AGGRESSIVE;
				GCC_WARN_UNUSED_FUNCTION = YES;
				GCC_WARN_UNUSED_VARIABLE = YES;
				IPHONEOS_DEPLOYMENT_TARGET = 8.4;
				MTL_ENABLE_DEBUG_INFO = YES;
				ONLY_ACTIVE_ARCH = YES;
				SDKROOT = iphoneos;
				SWIFT_OPTIMIZATION_LEVEL = "-Onone";
				TARGETED_DEVICE_FAMILY = "1,2";
			};
			name = Debug;
		};
		D0FA77491B8517740088ED64 /* Release */ = {
			isa = XCBuildConfiguration;
			buildSettings = {
				ALWAYS_SEARCH_USER_PATHS = NO;
				CLANG_CXX_LANGUAGE_STANDARD = "gnu++0x";
				CLANG_CXX_LIBRARY = "libc++";
				CLANG_ENABLE_MODULES = YES;
				CLANG_ENABLE_OBJC_ARC = YES;
				CLANG_WARN_BOOL_CONVERSION = YES;
				CLANG_WARN_CONSTANT_CONVERSION = YES;
				CLANG_WARN_DIRECT_OBJC_ISA_USAGE = YES_ERROR;
				CLANG_WARN_EMPTY_BODY = YES;
				CLANG_WARN_ENUM_CONVERSION = YES;
				CLANG_WARN_INT_CONVERSION = YES;
				CLANG_WARN_OBJC_ROOT_CLASS = YES_ERROR;
				CLANG_WARN_UNREACHABLE_CODE = YES;
				CLANG_WARN__DUPLICATE_METHOD_MATCH = YES;
				"CODE_SIGN_IDENTITY[sdk=iphoneos*]" = "iPhone Developer";
				COPY_PHASE_STRIP = NO;
				DEBUG_INFORMATION_FORMAT = "dwarf-with-dsym";
				ENABLE_NS_ASSERTIONS = NO;
				ENABLE_STRICT_OBJC_MSGSEND = YES;
				GCC_C_LANGUAGE_STANDARD = gnu99;
				GCC_NO_COMMON_BLOCKS = YES;
				GCC_WARN_64_TO_32_BIT_CONVERSION = YES;
				GCC_WARN_ABOUT_RETURN_TYPE = YES_ERROR;
				GCC_WARN_UNDECLARED_SELECTOR = YES;
				GCC_WARN_UNINITIALIZED_AUTOS = YES_AGGRESSIVE;
				GCC_WARN_UNUSED_FUNCTION = YES;
				GCC_WARN_UNUSED_VARIABLE = YES;
				IPHONEOS_DEPLOYMENT_TARGET = 8.4;
				MTL_ENABLE_DEBUG_INFO = NO;
				SDKROOT = iphoneos;
				TARGETED_DEVICE_FAMILY = "1,2";
				VALIDATE_PRODUCT = YES;
			};
			name = Release;
		};
		D0FA774B1B8517740088ED64 /* Debug */ = {
			isa = XCBuildConfiguration;
			buildSettings = {
				ASSETCATALOG_COMPILER_APPICON_NAME = AppIcon;
				INFOPLIST_FILE = SouthApp/Info.plist;
				LD_RUNPATH_SEARCH_PATHS = "$(inherited) @executable_path/Frameworks";
				PRODUCT_NAME = "$(TARGET_NAME)";
				PROVISIONING_PROFILE = "29df6d32-927b-4aaa-9453-236429723e73";
			};
			name = Debug;
		};
		D0FA774C1B8517740088ED64 /* Release */ = {
			isa = XCBuildConfiguration;
			buildSettings = {
				ASSETCATALOG_COMPILER_APPICON_NAME = AppIcon;
				INFOPLIST_FILE = SouthApp/Info.plist;
				LD_RUNPATH_SEARCH_PATHS = "$(inherited) @executable_path/Frameworks";
				PRODUCT_NAME = "$(TARGET_NAME)";
				PROVISIONING_PROFILE = "29df6d32-927b-4aaa-9453-236429723e73";
			};
			name = Release;
		};
		D0FA774E1B8517740088ED64 /* Debug */ = {
			isa = XCBuildConfiguration;
			buildSettings = {
				BUNDLE_LOADER = "$(TEST_HOST)";
				FRAMEWORK_SEARCH_PATHS = (
					"$(SDKROOT)/Developer/Library/Frameworks",
					"$(inherited)",
				);
				GCC_PREPROCESSOR_DEFINITIONS = (
					"DEBUG=1",
					"$(inherited)",
				);
				INFOPLIST_FILE = SouthAppTests/Info.plist;
				LD_RUNPATH_SEARCH_PATHS = "$(inherited) @executable_path/Frameworks @loader_path/Frameworks";
				PRODUCT_NAME = "$(TARGET_NAME)";
				TEST_HOST = "$(BUILT_PRODUCTS_DIR)/SouthApp.app/SouthApp";
			};
			name = Debug;
		};
		D0FA774F1B8517740088ED64 /* Release */ = {
			isa = XCBuildConfiguration;
			buildSettings = {
				BUNDLE_LOADER = "$(TEST_HOST)";
				FRAMEWORK_SEARCH_PATHS = (
					"$(SDKROOT)/Developer/Library/Frameworks",
					"$(inherited)",
				);
				INFOPLIST_FILE = SouthAppTests/Info.plist;
				LD_RUNPATH_SEARCH_PATHS = "$(inherited) @executable_path/Frameworks @loader_path/Frameworks";
				PRODUCT_NAME = "$(TARGET_NAME)";
				TEST_HOST = "$(BUILT_PRODUCTS_DIR)/SouthApp.app/SouthApp";
			};
			name = Release;
		};
/* End XCBuildConfiguration section */

/* Begin XCConfigurationList section */
		D0FA77261B8517740088ED64 /* Build configuration list for PBXProject "SouthApp" */ = {
			isa = XCConfigurationList;
			buildConfigurations = (
				D0FA77481B8517740088ED64 /* Debug */,
				D0FA77491B8517740088ED64 /* Release */,
			);
			defaultConfigurationIsVisible = 0;
			defaultConfigurationName = Release;
		};
		D0FA774A1B8517740088ED64 /* Build configuration list for PBXNativeTarget "SouthApp" */ = {
			isa = XCConfigurationList;
			buildConfigurations = (
				D0FA774B1B8517740088ED64 /* Debug */,
				D0FA774C1B8517740088ED64 /* Release */,
			);
			defaultConfigurationIsVisible = 0;
			defaultConfigurationName = Release;
		};
		D0FA774D1B8517740088ED64 /* Build configuration list for PBXNativeTarget "SouthAppTests" */ = {
			isa = XCConfigurationList;
			buildConfigurations = (
				D0FA774E1B8517740088ED64 /* Debug */,
				D0FA774F1B8517740088ED64 /* Release */,
			);
			defaultConfigurationIsVisible = 0;
			defaultConfigurationName = Release;
		};
/* End XCConfigurationList section */
	};
	rootObject = D0FA77231B8517740088ED64 /* Project object */;
}
